
Microsoft Visual Studio Solution File, Format Version 12.00
# Visual Studio Version 17
VisualStudioVersion = 17.8.34330.188
MinimumVisualStudioVersion = 10.0.40219.1
Project("{FAE04EC0-301F-11D3-BF4B-00C04F79EFBC}") = "Softverska arhitektura za ljudske resurse", "Softverska arhitektura za ljudske resurse\Softverska arhitektura za ljudske resurse.csproj", "{3D372E12-BB5E-4CAF-B3B4-C17D86B7BA99}"
EndProject
Project("{FAE04EC0-301F-11D3-BF4B-00C04F79EFBC}") = "DataLayer", "DataLayer\DataLayer.csproj", "{8CEF0908-2759-448C-92FB-35DCA7871BFF}"
EndProject
Project("{FAE04EC0-301F-11D3-BF4B-00C04F79EFBC}") = "BusinessLayer", "BusinessLayer\BusinessLayer.csproj", "{EC6D54B1-CA2C-43A5-9CA4-924303D18562}"
EndProject
Global
	GlobalSection(SolutionConfigurationPlatforms) = preSolution
		Debug|Any CPU = Debug|Any CPU
		Release|Any CPU = Release|Any CPU
	EndGlobalSection
	GlobalSection(ProjectConfigurationPlatforms) = postSolution
		{3D372E12-BB5E-4CAF-B3B4-C17D86B7BA99}.Debug|Any CPU.ActiveCfg = Debug|Any CPU
		{3D372E12-BB5E-4CAF-B3B4-C17D86B7BA99}.Debug|Any CPU.Build.0 = Debug|Any CPU
		{3D372E12-BB5E-4CAF-B3B4-C17D86B7BA99}.Release|Any CPU.ActiveCfg = Release|Any CPU
		{3D372E12-BB5E-4CAF-B3B4-C17D86B7BA99}.Release|Any CPU.Build.0 = Release|Any CPU
		{8CEF0908-2759-448C-92FB-35DCA7871BFF}.Debug|Any CPU.ActiveCfg = Debug|Any CPU
		{8CEF0908-2759-448C-92FB-35DCA7871BFF}.Debug|Any CPU.Build.0 = Debug|Any CPU
		{8CEF0908-2759-448C-92FB-35DCA7871BFF}.Release|Any CPU.ActiveCfg = Release|Any CPU
		{8CEF0908-2759-448C-92FB-35DCA7871BFF}.Release|Any CPU.Build.0 = Release|Any CPU
		{EC6D54B1-CA2C-43A5-9CA4-924303D18562}.Debug|Any CPU.ActiveCfg = Debug|Any CPU
		{EC6D54B1-CA2C-43A5-9CA4-924303D18562}.Debug|Any CPU.Build.0 = Debug|Any CPU
		{EC6D54B1-CA2C-43A5-9CA4-924303D18562}.Release|Any CPU.ActiveCfg = Release|Any CPU
		{EC6D54B1-CA2C-43A5-9CA4-924303D18562}.Release|Any CPU.Build.0 = Release|Any CPU
	EndGlobalSection
	GlobalSection(SolutionProperties) = preSolution
		HideSolutionNode = FALSE
	EndGlobalSection
	GlobalSection(ExtensibilityGlobals) = postSolution
		SolutionGuid = {9927EC01-BCE2-4128-82E7-C4715956D8B2}
	EndGlobalSection
EndGlobal
